{
  "requires": true,
  "lockfileVersion": 1,
  "dependencies": {
    "@babel/runtime": {
      "version": "7.0.0",
      "resolved": "https://registry.npmjs.org/@babel/runtime/-/runtime-7.0.0.tgz",
      "integrity": "sha512-7hGhzlcmg01CvH1EHdSPVXYX1aJ8KCEyz6I9xYIi/asDtzBPMyMhVibhM/K6g/5qnKBwjZtp10bNZIEFTRW1MA==",
      "requires": {
        "regenerator-runtime": "^0.12.0"
      }
    },
    "@material-ui/types": {
      "version": "4.1.1",
      "resolved": "https://registry.npmjs.org/@material-ui/types/-/types-4.1.1.tgz",
      "integrity": "sha512-AN+GZNXytX9yxGi0JOfxHrRTbhFybjUJ05rnsBVjcB+16e466Z0Xe5IxawuOayVZgTBNDxmPKo5j4V6OnMtaSQ==",
      "requires": {
        "@types/react": "*"
      }
    },
    "@types/prop-types": {
      "version": "15.7.3",
      "resolved": "https://registry.npmjs.org/@types/prop-types/-/prop-types-15.7.3.tgz",
      "integrity": "sha512-KfRL3PuHmqQLOG+2tGpRO26Ctg+Cq1E01D2DMriKEATHgWLfeNDmq9e29Q9WIky0dQ3NPkd1mzYH8Lm936Z9qw=="
    },
    "@types/react": {
      "version": "17.0.2",
      "resolved": "https://registry.npmjs.org/@types/react/-/react-17.0.2.tgz",
      "integrity": "sha512-Xt40xQsrkdvjn1EyWe1Bc0dJLcil/9x2vAuW7ya+PuQip4UYUaXyhzWmAbwRsdMgwOFHpfp7/FFZebDU6Y8VHA==",
      "requires": {
        "@types/prop-types": "*",
        "csstype": "^3.0.2"
      }
    },
    "@types/react-swipeable-views": {
      "version": "0.13.0",
      "resolved": "https://registry.npmjs.org/@types/react-swipeable-views/-/react-swipeable-views-0.13.0.tgz",
      "integrity": "sha512-orrreCcXev6IUXDuHf07RDDCAoIZRMSr95eyWmYNRfjic7w/O+68iPu0NCysVls+UygRNvoqZMuXI72N/58E1w==",
      "requires": {
        "@types/react": "*"
      }
    },
    "@types/react-swipeable-views-core": {
      "version": "0.13.0",
      "resolved": "https://registry.npmjs.org/@types/react-swipeable-views-core/-/react-swipeable-views-core-0.13.0.tgz",
      "integrity": "sha512-XOQacWzaLZhsuA6w12050mGJnmvsE58/tqCrKFKbCnAOM+zpufQ57q/i3BpAynfgjXB4c1Zi5e7Aad8ctyP58Q==",
      "requires": {
        "@types/react-swipeable-views": "*"
      }
    },
    "@types/react-swipeable-views-utils": {
      "version": "0.13.2",
      "resolved": "https://registry.npmjs.org/@types/react-swipeable-views-utils/-/react-swipeable-views-utils-0.13.2.tgz",
      "integrity": "sha512-/EdlhYN7K62XS853ULfLS9adOFtdDVjo7a56U2/Knc233HR+cOoKQHn/qv3APFxQjuOWnF1bc7Kwx3LlEv4PlQ==",
      "requires": {
        "@material-ui/types": "^4.0.0",
        "@types/react": "*",
        "@types/react-swipeable-views": "*"
      }
    },
    "csstype": {
      "version": "3.0.7",
      "resolved": "https://registry.npmjs.org/csstype/-/csstype-3.0.7.tgz",
      "integrity": "sha512-KxnUB0ZMlnUWCsx2Z8MUsr6qV6ja1w9ArPErJaJaF8a5SOWoHLIszeCTKGRGRgtLgYrs1E8CHkNSP1VZTTPc9g=="
    },
    "js-tokens": {
      "version": "4.0.0",
      "resolved": "https://registry.npmjs.org/js-tokens/-/js-tokens-4.0.0.tgz",
      "integrity": "sha512-RdJUflcE3cUzKiMqQgsCu06FPu9UdIJO0beYbPhHN4k6apgJtifcoCtT9bcxOpYBtpD2kCM6Sbzg4CausW/PKQ=="
    },
    "keycode": {
      "version": "2.2.0",
      "resolved": "https://registry.npmjs.org/keycode/-/keycode-2.2.0.tgz",
      "integrity": "sha1-PQr1bce4uOXLqNCpfxByBO7CKwQ="
    },
    "loose-envify": {
      "version": "1.4.0",
      "resolved": "https://registry.npmjs.org/loose-envify/-/loose-envify-1.4.0.tgz",
      "integrity": "sha512-lyuxPGr/Wfhrlem2CL/UcnUc1zcqKAImBDzukY7Y5F/yQiNdko6+fRLevlw1HgMySw7f611UIY408EtxRSoK3Q==",
      "requires": {
        "js-tokens": "^3.0.0 || ^4.0.0"
      }
    },
    "object-assign": {
      "version": "4.1.1",
      "resolved": "https://registry.npmjs.org/object-assign/-/object-assign-4.1.1.tgz",
      "integrity": "sha1-IQmtx5ZYh8/AXLvUQsrIv7s2CGM="
    },
    "prop-types": {
      "version": "15.7.2",
      "resolved": "https://registry.npmjs.org/prop-types/-/prop-types-15.7.2.tgz",
      "integrity": "sha512-8QQikdH7//R2vurIJSutZ1smHYTcLpRWEOlHnzcWHmBYrOGUysKwSsrC89BCiFj3CbrfJ/nXFdJepOVrY1GCHQ==",
      "requires": {
        "loose-envify": "^1.4.0",
        "object-assign": "^4.1.1",
        "react-is": "^16.8.1"
      }
    },
    "react-event-listener": {
      "version": "0.6.6",
      "resolved": "https://registry.npmjs.org/react-event-listener/-/react-event-listener-0.6.6.tgz",
      "integrity": "sha512-+hCNqfy7o9wvO6UgjqFmBzARJS7qrNoda0VqzvOuioEpoEXKutiKuv92dSz6kP7rYLmyHPyYNLesi5t/aH1gfw==",
      "requires": {
        "@babel/runtime": "^7.2.0",
        "prop-types": "^15.6.0",
        "warning": "^4.0.1"
      },
      "dependencies": {
        "@babel/runtime": {
          "version": "7.13.9",
          "resolved": "https://registry.npmjs.org/@babel/runtime/-/runtime-7.13.9.tgz",
          "integrity": "sha512-aY2kU+xgJ3dJ1eU6FMB9EH8dIe8dmusF1xEku52joLvw6eAFN0AI+WxCLDnpev2LEejWBAy2sBvBOBAjI3zmvA==",
          "requires": {
            "regenerator-runtime": "^0.13.4"
          }
        },
        "regenerator-runtime": {
          "version": "0.13.7",
          "resolved": "https://registry.npmjs.org/regenerator-runtime/-/regenerator-runtime-0.13.7.tgz",
          "integrity": "sha512-a54FxoJDIr27pgf7IgeQGxmqUNYrcV338lf/6gH456HZ/PhX+5BcwHXG9ajESmwe6WRO0tAzRUrRmNONWgkrew=="
        }
      }
    },
    "react-is": {
      "version": "16.13.1",
      "resolved": "https://registry.npmjs.org/react-is/-/react-is-16.13.1.tgz",
      "integrity": "sha512-24e6ynE2H+OKt4kqsOvNd8kBpV65zoxbA4BVsEOB3ARVWQki/DHzaUoC5KuON/BiccDaCCTZBuOcfZs70kR8bQ=="
    },
    "react-swipeable-views": {
      "version": "0.13.9",
      "resolved": "https://registry.npmjs.org/react-swipeable-views/-/react-swipeable-views-0.13.9.tgz",
      "integrity": "sha512-WXC2FKYvZ9QdJ31v9LjEJEl1bA7E4AcaloTkbW0uU0dYf5uvv4aOpiyxubvOkVl1a5L2UAHmKSif4TmJ9usrSg==",
      "requires": {
        "@babel/runtime": "7.0.0",
        "prop-types": "^15.5.4",
        "react-swipeable-views-core": "^0.13.7",
        "react-swipeable-views-utils": "^0.13.9",
        "warning": "^4.0.1"
      }
    },
    "react-swipeable-views-core": {
      "version": "0.13.7",
      "resolved": "https://registry.npmjs.org/react-swipeable-views-core/-/react-swipeable-views-core-0.13.7.tgz",
      "integrity": "sha512-ekn9oDYfBt0oqJSGGwLEhKvn+QaqMGTy//9dURTLf+vp7W5j6GvmKryYdnwJCDITaPFI2hujXV4CH9krhvaE5w==",
      "requires": {
        "@babel/runtime": "7.0.0",
        "warning": "^4.0.1"
      }
    },
    "react-swipeable-views-utils": {
      "version": "0.13.9",
      "resolved": "https://registry.npmjs.org/react-swipeable-views-utils/-/react-swipeable-views-utils-0.13.9.tgz",
      "integrity": "sha512-QLGxRKrbJCbWz94vkWLzb1Daaa2Y/TZKmsNKQ6WSNrS+chrlfZ3z9tqZ7YUJlW6pRWp3QZdLSY3UE3cN0TXXmw==",
      "requires": {
        "@babel/runtime": "7.0.0",
        "keycode": "^2.1.7",
        "prop-types": "^15.6.0",
        "react-event-listener": "^0.6.0",
        "react-swipeable-views-core": "^0.13.7",
        "shallow-equal": "^1.2.1"
      }
    },
    "regenerator-runtime": {
      "version": "0.12.1",
      "resolved": "https://registry.npmjs.org/regenerator-runtime/-/regenerator-runtime-0.12.1.tgz",
      "integrity": "sha512-odxIc1/vDlo4iZcfXqRYFj0vpXFNoGdKMAUieAlFYO6m/nl5e9KR/beGf41z4a1FI+aQgtjhuaSlDxQ0hmkrHg=="
    },
    "shallow-equal": {
      "version": "1.2.1",
      "resolved": "https://registry.npmjs.org/shallow-equal/-/shallow-equal-1.2.1.tgz",
      "integrity": "sha512-S4vJDjHHMBaiZuT9NPb616CSmLf618jawtv3sufLl6ivK8WocjAo58cXwbRV1cgqxH0Qbv+iUt6m05eqEa2IRA=="
    },
    "warning": {
      "version": "4.0.3",
      "resolved": "https://registry.npmjs.org/warning/-/warning-4.0.3.tgz",
      "integrity": "sha512-rpJyN222KWIvHJ/F53XSZv0Zl/accqHR8et1kpaMTD/fLCRxtV8iX8czMzY7sVZupTI3zcUTg8eycS2kNF9l6w==",
      "requires": {
        "loose-envify": "^1.0.0"
      }
    }
  }
}
